<Solution>
  <Folder Name="/ソリューション項目/">
    <File Path="LICENSE" />
    <File Path="PreReleaseInformation.json" />
    <File Path="README.md" />
    <File Path="ReleaseInformation.json" />
  </Folder>
  <Project Path="InputSound/InputSound.csproj" Id="10a75b09-dd2e-4a83-9be5-5964f2cac2e0" />
</Solution>
